
Microsoft Visual Studio Solution File, Format Version 11.00
# Visual Studio 2010
Project("{FAE04EC0-301F-11D3-BF4B-00C04F79EFBC}") = "Assembly-CSharp", "Assembly-CSharp.csproj", "{AEDCB9A3-5408-49B3-BC22-C69E5B856C93}"
EndProject
Project("{FAE04EC0-301F-11D3-BF4B-00C04F79EFBC}") = "Assembly-CSharp-firstpass", "Assembly-CSharp-firstpass.csproj", "{9752715C-ADAB-AE3B-6BC7-0D832C4FFC88}"
EndProject
Project("{FAE04EC0-301F-11D3-BF4B-00C04F79EFBC}") = "Assembly-CSharp-Editor", "Assembly-CSharp-Editor.csproj", "{3B18F2DE-363D-4AB1-1652-93B67D320A46}"
EndProject
Project("{FAE04EC0-301F-11D3-BF4B-00C04F79EFBC}") = "Assembly-CSharp-Editor-firstpass", "Assembly-CSharp-Editor-firstpass.csproj", "{217D7827-56D3-A88F-508A-BD22042F36E7}"
EndProject
Global
	GlobalSection(SolutionConfigurationPlatforms) = preSolution
		Debug|Any CPU = Debug|Any CPU
		Release|Any CPU = Release|Any CPU
	EndGlobalSection
	GlobalSection(ProjectConfigurationPlatforms) = postSolution
		{AEDCB9A3-5408-49B3-BC22-C69E5B856C93}.Debug|Any CPU.ActiveCfg = Debug|Any CPU
		{AEDCB9A3-5408-49B3-BC22-C69E5B856C93}.Debug|Any CPU.Build.0 = Debug|Any CPU
		{AEDCB9A3-5408-49B3-BC22-C69E5B856C93}.Release|Any CPU.ActiveCfg = Release|Any CPU
		{AEDCB9A3-5408-49B3-BC22-C69E5B856C93}.Release|Any CPU.Build.0 = Release|Any CPU
		{9752715C-ADAB-AE3B-6BC7-0D832C4FFC88}.Debug|Any CPU.ActiveCfg = Debug|Any CPU
		{9752715C-ADAB-AE3B-6BC7-0D832C4FFC88}.Debug|Any CPU.Build.0 = Debug|Any CPU
		{9752715C-ADAB-AE3B-6BC7-0D832C4FFC88}.Release|Any CPU.ActiveCfg = Release|Any CPU
		{9752715C-ADAB-AE3B-6BC7-0D832C4FFC88}.Release|Any CPU.Build.0 = Release|Any CPU
		{3B18F2DE-363D-4AB1-1652-93B67D320A46}.Debug|Any CPU.ActiveCfg = Debug|Any CPU
		{3B18F2DE-363D-4AB1-1652-93B67D320A46}.Debug|Any CPU.Build.0 = Debug|Any CPU
		{3B18F2DE-363D-4AB1-1652-93B67D320A46}.Release|Any CPU.ActiveCfg = Release|Any CPU
		{3B18F2DE-363D-4AB1-1652-93B67D320A46}.Release|Any CPU.Build.0 = Release|Any CPU
		{217D7827-56D3-A88F-508A-BD22042F36E7}.Debug|Any CPU.ActiveCfg = Debug|Any CPU
		{217D7827-56D3-A88F-508A-BD22042F36E7}.Debug|Any CPU.Build.0 = Debug|Any CPU
		{217D7827-56D3-A88F-508A-BD22042F36E7}.Release|Any CPU.ActiveCfg = Release|Any CPU
		{217D7827-56D3-A88F-508A-BD22042F36E7}.Release|Any CPU.Build.0 = Release|Any CPU
	EndGlobalSection
	GlobalSection(SolutionProperties) = preSolution
		HideSolutionNode = FALSE
	EndGlobalSection
	GlobalSection(MonoDevelopProperties) = preSolution
		StartupItem = Assembly-CSharp.csproj
	EndGlobalSection
EndGlobal
